// !$*UTF8*$!
{
	archiveVersion = 1;
	classes = {
	};
	objectVersion = 55;
	objects = {

/* Begin PBXBuildFile section */
		56163CDA86C14B97C78A5CE7 /* Pods_Reciplease_oc.framework in Frameworks */ = {isa = PBXBuildFile; fileRef = 880F5A7777E537FA08368C79 /* Pods_Reciplease_oc.framework */; };
		6E0BA31528B3C4CB0069A680 /* CacheManager.swift in Sources */ = {isa = PBXBuildFile; fileRef = 6E0BA31428B3C4CB0069A680 /* CacheManager.swift */; };
		6E1BD0C928737E0600222DD7 /* RecipesCoreDataManager.swift in Sources */ = {isa = PBXBuildFile; fileRef = 6E1BD0C828737E0600222DD7 /* RecipesCoreDataManager.swift */; };
		6E1BD0CB28738EFA00222DD7 /* InfoType.swift in Sources */ = {isa = PBXBuildFile; fileRef = 6E1BD0CA28738EFA00222DD7 /* InfoType.swift */; };
		6E1BD0CF28739D3600222DD7 /* Extension+UIView.swift in Sources */ = {isa = PBXBuildFile; fileRef = 6E1BD0CE28739D3600222DD7 /* Extension+UIView.swift */; };
		6E1D5B78289A534E008D4C18 /* TestCoreDataStack.swift in Sources */ = {isa = PBXBuildFile; fileRef = 6E1D5B77289A534E008D4C18 /* TestCoreDataStack.swift */; };
		6E1D5B7A289A5DC8008D4C18 /* TestRecipesCoreDataManager.swift in Sources */ = {isa = PBXBuildFile; fileRef = 6E1D5B79289A5DC8008D4C18 /* TestRecipesCoreDataManager.swift */; };
		6E2237E628BC266C00B01B8F /* TestCase.swift in Sources */ = {isa = PBXBuildFile; fileRef = 6E2237E528BC266C00B01B8F /* TestCase.swift */; };
		6E2237E828BC270F00B01B8F /* NetworkFake.swift in Sources */ = {isa = PBXBuildFile; fileRef = 6E2237E728BC270F00B01B8F /* NetworkFake.swift */; };
		6E2237EA28BC28A700B01B8F /* IngredientsTestCase.swift in Sources */ = {isa = PBXBuildFile; fileRef = 6E2237E928BC28A600B01B8F /* IngredientsTestCase.swift */; };
		6E2237EC28BC35B400B01B8F /* Ingredients.json in Resources */ = {isa = PBXBuildFile; fileRef = 6E2237EB28BC35B400B01B8F /* Ingredients.json */; };
		6E28843528A962BA005E425F /* FetchImageNetwork.swift in Sources */ = {isa = PBXBuildFile; fileRef = 6E28843428A962BA005E425F /* FetchImageNetwork.swift */; };
		6E28843728A963F4005E425F /* AllRecipesService.swift in Sources */ = {isa = PBXBuildFile; fileRef = 6E28843628A963F4005E425F /* AllRecipesService.swift */; };
		6E461F3C286737BC00932E79 /* OneRecipeViewController.swift in Sources */ = {isa = PBXBuildFile; fileRef = 6E461F3B286737BC00932E79 /* OneRecipeViewController.swift */; };
		6E461F3E286737E500932E79 /* OneRecipeView.swift in Sources */ = {isa = PBXBuildFile; fileRef = 6E461F3D286737E500932E79 /* OneRecipeView.swift */; };
		6E674C572892A88C0051025F /* RecipeUI.swift in Sources */ = {isa = PBXBuildFile; fileRef = 6E674C562892A88C0051025F /* RecipeUI.swift */; };
		6E6C78A52842D7240050C53A /* AppDelegate.swift in Sources */ = {isa = PBXBuildFile; fileRef = 6E6C78A42842D7240050C53A /* AppDelegate.swift */; };
		6E6C78A72842D7240050C53A /* SceneDelegate.swift in Sources */ = {isa = PBXBuildFile; fileRef = 6E6C78A62842D7240050C53A /* SceneDelegate.swift */; };
		6E6C78A92842D7240050C53A /* IngredientsViewController.swift in Sources */ = {isa = PBXBuildFile; fileRef = 6E6C78A82842D7240050C53A /* IngredientsViewController.swift */; };
		6E6C78AC2842D7240050C53A /* Main.storyboard in Resources */ = {isa = PBXBuildFile; fileRef = 6E6C78AA2842D7240050C53A /* Main.storyboard */; };
		6E6C78AF2842D7240050C53A /* Reciplease-oc.xcdatamodeld in Sources */ = {isa = PBXBuildFile; fileRef = 6E6C78AD2842D7240050C53A /* Reciplease-oc.xcdatamodeld */; };
		6E6C78B12842D72E0050C53A /* Assets.xcassets in Resources */ = {isa = PBXBuildFile; fileRef = 6E6C78B02842D72E0050C53A /* Assets.xcassets */; };
		6E6C78B42842D72E0050C53A /* LaunchScreen.storyboard in Resources */ = {isa = PBXBuildFile; fileRef = 6E6C78B22842D72E0050C53A /* LaunchScreen.storyboard */; };
		6E6C78C92842D72F0050C53A /* Reciplease_ocUITests.swift in Sources */ = {isa = PBXBuildFile; fileRef = 6E6C78C82842D72F0050C53A /* Reciplease_ocUITests.swift */; };
		6E6C78CB2842D72F0050C53A /* Reciplease_ocUITestsLaunchTests.swift in Sources */ = {isa = PBXBuildFile; fileRef = 6E6C78CA2842D72F0050C53A /* Reciplease_ocUITestsLaunchTests.swift */; };
		6E6C78D82842D9F60050C53A /* IngredientsView.swift in Sources */ = {isa = PBXBuildFile; fileRef = 6E6C78D72842D9F60050C53A /* IngredientsView.swift */; };
		6E6C78DD2842DA5F0050C53A /* IngredientsTableViewCell.swift in Sources */ = {isa = PBXBuildFile; fileRef = 6E6C78DC2842DA5F0050C53A /* IngredientsTableViewCell.swift */; };
		6E6C78E02842E0590050C53A /* Alamofire in Frameworks */ = {isa = PBXBuildFile; productRef = 6E6C78DF2842E0590050C53A /* Alamofire */; };
		6E6DC49B285927CB00AA5C45 /* ErrorType.swift in Sources */ = {isa = PBXBuildFile; fileRef = 6E6DC49A285927CB00AA5C45 /* ErrorType.swift */; };
		6E6DC49D28592AA900AA5C45 /* UIViewController+Extension.swift in Sources */ = {isa = PBXBuildFile; fileRef = 6E6DC49C28592AA900AA5C45 /* UIViewController+Extension.swift */; };
		6E6DC49F285939F200AA5C45 /* APINetworkProtocol.swift in Sources */ = {isa = PBXBuildFile; fileRef = 6E6DC49E285939F200AA5C45 /* APINetworkProtocol.swift */; };
		6E707878287847AC0033D1F6 /* RecipeTableViewCell.swift in Sources */ = {isa = PBXBuildFile; fileRef = 6E707876287847AC0033D1F6 /* RecipeTableViewCell.swift */; };
		6E707879287847AC0033D1F6 /* RecipeTableViewCell.xib in Resources */ = {isa = PBXBuildFile; fileRef = 6E707877287847AC0033D1F6 /* RecipeTableViewCell.xib */; };
		6EB9E5AF286E6043003A0403 /* CoreDataStack.swift in Sources */ = {isa = PBXBuildFile; fileRef = 6EB9E5AE286E6043003A0403 /* CoreDataStack.swift */; };
		6EFFB013284FBC2E00E2424E /* RecipesStructure.swift in Sources */ = {isa = PBXBuildFile; fileRef = 6EFFB012284FBC2E00E2424E /* RecipesStructure.swift */; };
		6EFFB015284FBCF100E2424E /* IngredientsService.swift in Sources */ = {isa = PBXBuildFile; fileRef = 6EFFB014284FBCF100E2424E /* IngredientsService.swift */; };
		6EFFB017284FBDC000E2424E /* IngredientsRouterNetwork.swift in Sources */ = {isa = PBXBuildFile; fileRef = 6EFFB016284FBDC000E2424E /* IngredientsRouterNetwork.swift */; };
		6EFFB019284FBEC700E2424E /* APINetwork.swift in Sources */ = {isa = PBXBuildFile; fileRef = 6EFFB018284FBEC700E2424E /* APINetwork.swift */; };
		6EFFB01B284FC0FE00E2424E /* AllRecipesViewController.swift in Sources */ = {isa = PBXBuildFile; fileRef = 6EFFB01A284FC0FE00E2424E /* AllRecipesViewController.swift */; };
		B8303799ADF751D8C8FF0BAE /* Pods_Reciplease_ocTests.framework in Frameworks */ = {isa = PBXBuildFile; fileRef = 2603A9D643A2DB7CBC7E4831 /* Pods_Reciplease_ocTests.framework */; };
		F035B0765F528E981F8A167B /* Pods_Reciplease_oc_Reciplease_ocUITests.framework in Frameworks */ = {isa = PBXBuildFile; fileRef = A554EA83200284B8FB964CD4 /* Pods_Reciplease_oc_Reciplease_ocUITests.framework */; };
/* End PBXBuildFile section */

/* Begin PBXContainerItemProxy section */
		6E6C78BB2842D72F0050C53A /* PBXContainerItemProxy */ = {
			isa = PBXContainerItemProxy;
			containerPortal = 6E6C78992842D7240050C53A /* Project object */;
			proxyType = 1;
			remoteGlobalIDString = 6E6C78A02842D7240050C53A;
			remoteInfo = "Reciplease-oc";
		};
		6E6C78C52842D72F0050C53A /* PBXContainerItemProxy */ = {
			isa = PBXContainerItemProxy;
			containerPortal = 6E6C78992842D7240050C53A /* Project object */;
			proxyType = 1;
			remoteGlobalIDString = 6E6C78A02842D7240050C53A;
			remoteInfo = "Reciplease-oc";
		};
/* End PBXContainerItemProxy section */

/* Begin PBXFileReference section */
		17F5C40C13FA090FC96C20B5 /* Pods-Reciplease-ocTests.debug.xcconfig */ = {isa = PBXFileReference; includeInIndex = 1; lastKnownFileType = text.xcconfig; name = "Pods-Reciplease-ocTests.debug.xcconfig"; path = "Target Support Files/Pods-Reciplease-ocTests/Pods-Reciplease-ocTests.debug.xcconfig"; sourceTree = "<group>"; };
		195CF8C60F6499E6F8C4F211 /* Pods-Reciplease-oc-Reciplease-ocTests.debug.xcconfig */ = {isa = PBXFileReference; includeInIndex = 1; lastKnownFileType = text.xcconfig; name = "Pods-Reciplease-oc-Reciplease-ocTests.debug.xcconfig"; path = "Target Support Files/Pods-Reciplease-oc-Reciplease-ocTests/Pods-Reciplease-oc-Reciplease-ocTests.debug.xcconfig"; sourceTree = "<group>"; };
		2603A9D643A2DB7CBC7E4831 /* Pods_Reciplease_ocTests.framework */ = {isa = PBXFileReference; explicitFileType = wrapper.framework; includeInIndex = 0; path = Pods_Reciplease_ocTests.framework; sourceTree = BUILT_PRODUCTS_DIR; };
		2F8D00CF57767516C2189F8D /* Pods-Reciplease-ocTests.release.xcconfig */ = {isa = PBXFileReference; includeInIndex = 1; lastKnownFileType = text.xcconfig; name = "Pods-Reciplease-ocTests.release.xcconfig"; path = "Target Support Files/Pods-Reciplease-ocTests/Pods-Reciplease-ocTests.release.xcconfig"; sourceTree = "<group>"; };
		6E0BA31428B3C4CB0069A680 /* CacheManager.swift */ = {isa = PBXFileReference; lastKnownFileType = sourcecode.swift; path = CacheManager.swift; sourceTree = "<group>"; };
		6E1BD0C828737E0600222DD7 /* RecipesCoreDataManager.swift */ = {isa = PBXFileReference; lastKnownFileType = sourcecode.swift; path = RecipesCoreDataManager.swift; sourceTree = "<group>"; };
		6E1BD0CA28738EFA00222DD7 /* InfoType.swift */ = {isa = PBXFileReference; lastKnownFileType = sourcecode.swift; path = InfoType.swift; sourceTree = "<group>"; };
		6E1BD0CE28739D3600222DD7 /* Extension+UIView.swift */ = {isa = PBXFileReference; lastKnownFileType = sourcecode.swift; path = "Extension+UIView.swift"; sourceTree = "<group>"; };
		6E1D5B77289A534E008D4C18 /* TestCoreDataStack.swift */ = {isa = PBXFileReference; lastKnownFileType = sourcecode.swift; path = TestCoreDataStack.swift; sourceTree = "<group>"; };
		6E1D5B79289A5DC8008D4C18 /* TestRecipesCoreDataManager.swift */ = {isa = PBXFileReference; lastKnownFileType = sourcecode.swift; path = TestRecipesCoreDataManager.swift; sourceTree = "<group>"; };
		6E2237E528BC266C00B01B8F /* TestCase.swift */ = {isa = PBXFileReference; lastKnownFileType = sourcecode.swift; path = TestCase.swift; sourceTree = "<group>"; };
		6E2237E728BC270F00B01B8F /* NetworkFake.swift */ = {isa = PBXFileReference; lastKnownFileType = sourcecode.swift; path = NetworkFake.swift; sourceTree = "<group>"; };
		6E2237E928BC28A600B01B8F /* IngredientsTestCase.swift */ = {isa = PBXFileReference; lastKnownFileType = sourcecode.swift; path = IngredientsTestCase.swift; sourceTree = "<group>"; };
		6E2237EB28BC35B400B01B8F /* Ingredients.json */ = {isa = PBXFileReference; lastKnownFileType = text.json; path = Ingredients.json; sourceTree = "<group>"; };
		6E28843428A962BA005E425F /* FetchImageNetwork.swift */ = {isa = PBXFileReference; lastKnownFileType = sourcecode.swift; path = FetchImageNetwork.swift; sourceTree = "<group>"; };
		6E28843628A963F4005E425F /* AllRecipesService.swift */ = {isa = PBXFileReference; lastKnownFileType = sourcecode.swift; path = AllRecipesService.swift; sourceTree = "<group>"; };
		6E461F3B286737BC00932E79 /* OneRecipeViewController.swift */ = {isa = PBXFileReference; lastKnownFileType = sourcecode.swift; path = OneRecipeViewController.swift; sourceTree = "<group>"; };
		6E461F3D286737E500932E79 /* OneRecipeView.swift */ = {isa = PBXFileReference; lastKnownFileType = sourcecode.swift; path = OneRecipeView.swift; sourceTree = "<group>"; };
		6E674C562892A88C0051025F /* RecipeUI.swift */ = {isa = PBXFileReference; lastKnownFileType = sourcecode.swift; path = RecipeUI.swift; sourceTree = "<group>"; };
		6E6C78A12842D7240050C53A /* Reciplease-oc.app */ = {isa = PBXFileReference; explicitFileType = wrapper.application; includeInIndex = 0; path = "Reciplease-oc.app"; sourceTree = BUILT_PRODUCTS_DIR; };
		6E6C78A42842D7240050C53A /* AppDelegate.swift */ = {isa = PBXFileReference; lastKnownFileType = sourcecode.swift; path = AppDelegate.swift; sourceTree = "<group>"; };
		6E6C78A62842D7240050C53A /* SceneDelegate.swift */ = {isa = PBXFileReference; lastKnownFileType = sourcecode.swift; path = SceneDelegate.swift; sourceTree = "<group>"; };
		6E6C78A82842D7240050C53A /* IngredientsViewController.swift */ = {isa = PBXFileReference; lastKnownFileType = sourcecode.swift; path = IngredientsViewController.swift; sourceTree = "<group>"; };
		6E6C78AB2842D7240050C53A /* Base */ = {isa = PBXFileReference; lastKnownFileType = file.storyboard; name = Base; path = Base.lproj/Main.storyboard; sourceTree = "<group>"; };
		6E6C78AE2842D7240050C53A /* Reciplease_oc.xcdatamodel */ = {isa = PBXFileReference; lastKnownFileType = wrapper.xcdatamodel; path = Reciplease_oc.xcdatamodel; sourceTree = "<group>"; };
		6E6C78B02842D72E0050C53A /* Assets.xcassets */ = {isa = PBXFileReference; lastKnownFileType = folder.assetcatalog; path = Assets.xcassets; sourceTree = "<group>"; };
		6E6C78B32842D72E0050C53A /* Base */ = {isa = PBXFileReference; lastKnownFileType = file.storyboard; name = Base; path = Base.lproj/LaunchScreen.storyboard; sourceTree = "<group>"; };
		6E6C78B52842D72E0050C53A /* Info.plist */ = {isa = PBXFileReference; lastKnownFileType = text.plist.xml; path = Info.plist; sourceTree = "<group>"; };
		6E6C78BA2842D72F0050C53A /* Reciplease-ocTests.xctest */ = {isa = PBXFileReference; explicitFileType = wrapper.cfbundle; includeInIndex = 0; path = "Reciplease-ocTests.xctest"; sourceTree = BUILT_PRODUCTS_DIR; };
		6E6C78C42842D72F0050C53A /* Reciplease-ocUITests.xctest */ = {isa = PBXFileReference; explicitFileType = wrapper.cfbundle; includeInIndex = 0; path = "Reciplease-ocUITests.xctest"; sourceTree = BUILT_PRODUCTS_DIR; };
		6E6C78C82842D72F0050C53A /* Reciplease_ocUITests.swift */ = {isa = PBXFileReference; lastKnownFileType = sourcecode.swift; path = Reciplease_ocUITests.swift; sourceTree = "<group>"; };
		6E6C78CA2842D72F0050C53A /* Reciplease_ocUITestsLaunchTests.swift */ = {isa = PBXFileReference; lastKnownFileType = sourcecode.swift; path = Reciplease_ocUITestsLaunchTests.swift; sourceTree = "<group>"; };
		6E6C78D72842D9F60050C53A /* IngredientsView.swift */ = {isa = PBXFileReference; lastKnownFileType = sourcecode.swift; path = IngredientsView.swift; sourceTree = "<group>"; };
		6E6C78DC2842DA5F0050C53A /* IngredientsTableViewCell.swift */ = {isa = PBXFileReference; lastKnownFileType = sourcecode.swift; path = IngredientsTableViewCell.swift; sourceTree = "<group>"; };
		6E6DC49A285927CB00AA5C45 /* ErrorType.swift */ = {isa = PBXFileReference; lastKnownFileType = sourcecode.swift; path = ErrorType.swift; sourceTree = "<group>"; };
		6E6DC49C28592AA900AA5C45 /* UIViewController+Extension.swift */ = {isa = PBXFileReference; lastKnownFileType = sourcecode.swift; path = "UIViewController+Extension.swift"; sourceTree = "<group>"; };
		6E6DC49E285939F200AA5C45 /* APINetworkProtocol.swift */ = {isa = PBXFileReference; lastKnownFileType = sourcecode.swift; path = APINetworkProtocol.swift; sourceTree = "<group>"; };
		6E707876287847AC0033D1F6 /* RecipeTableViewCell.swift */ = {isa = PBXFileReference; lastKnownFileType = sourcecode.swift; path = RecipeTableViewCell.swift; sourceTree = "<group>"; };
		6E707877287847AC0033D1F6 /* RecipeTableViewCell.xib */ = {isa = PBXFileReference; lastKnownFileType = file.xib; path = RecipeTableViewCell.xib; sourceTree = "<group>"; };
		6EB9E5AE286E6043003A0403 /* CoreDataStack.swift */ = {isa = PBXFileReference; lastKnownFileType = sourcecode.swift; path = CoreDataStack.swift; sourceTree = "<group>"; };
		6EFFB012284FBC2E00E2424E /* RecipesStructure.swift */ = {isa = PBXFileReference; lastKnownFileType = sourcecode.swift; path = RecipesStructure.swift; sourceTree = "<group>"; };
		6EFFB014284FBCF100E2424E /* IngredientsService.swift */ = {isa = PBXFileReference; lastKnownFileType = sourcecode.swift; path = IngredientsService.swift; sourceTree = "<group>"; };
		6EFFB016284FBDC000E2424E /* IngredientsRouterNetwork.swift */ = {isa = PBXFileReference; lastKnownFileType = sourcecode.swift; path = IngredientsRouterNetwork.swift; sourceTree = "<group>"; };
		6EFFB018284FBEC700E2424E /* APINetwork.swift */ = {isa = PBXFileReference; lastKnownFileType = sourcecode.swift; path = APINetwork.swift; sourceTree = "<group>"; };
		6EFFB01A284FC0FE00E2424E /* AllRecipesViewController.swift */ = {isa = PBXFileReference; lastKnownFileType = sourcecode.swift; path = AllRecipesViewController.swift; sourceTree = "<group>"; };
		880F5A7777E537FA08368C79 /* Pods_Reciplease_oc.framework */ = {isa = PBXFileReference; explicitFileType = wrapper.framework; includeInIndex = 0; path = Pods_Reciplease_oc.framework; sourceTree = BUILT_PRODUCTS_DIR; };
		A1B6A637F23FA83E9FDBF0E9 /* Pods-Reciplease-oc.release.xcconfig */ = {isa = PBXFileReference; includeInIndex = 1; lastKnownFileType = text.xcconfig; name = "Pods-Reciplease-oc.release.xcconfig"; path = "Target Support Files/Pods-Reciplease-oc/Pods-Reciplease-oc.release.xcconfig"; sourceTree = "<group>"; };
		A554EA83200284B8FB964CD4 /* Pods_Reciplease_oc_Reciplease_ocUITests.framework */ = {isa = PBXFileReference; explicitFileType = wrapper.framework; includeInIndex = 0; path = Pods_Reciplease_oc_Reciplease_ocUITests.framework; sourceTree = BUILT_PRODUCTS_DIR; };
		AB811FFA73B52ED4FFC0FEE4 /* Pods-Reciplease-oc-Reciplease-ocTests.release.xcconfig */ = {isa = PBXFileReference; includeInIndex = 1; lastKnownFileType = text.xcconfig; name = "Pods-Reciplease-oc-Reciplease-ocTests.release.xcconfig"; path = "Target Support Files/Pods-Reciplease-oc-Reciplease-ocTests/Pods-Reciplease-oc-Reciplease-ocTests.release.xcconfig"; sourceTree = "<group>"; };
		B5EE73FD879142316C830408 /* Pods-Reciplease-oc.debug.xcconfig */ = {isa = PBXFileReference; includeInIndex = 1; lastKnownFileType = text.xcconfig; name = "Pods-Reciplease-oc.debug.xcconfig"; path = "Target Support Files/Pods-Reciplease-oc/Pods-Reciplease-oc.debug.xcconfig"; sourceTree = "<group>"; };
		BA776294B2A582CA5F24B93F /* Pods-Reciplease-oc-Reciplease-ocUITests.release.xcconfig */ = {isa = PBXFileReference; includeInIndex = 1; lastKnownFileType = text.xcconfig; name = "Pods-Reciplease-oc-Reciplease-ocUITests.release.xcconfig"; path = "Target Support Files/Pods-Reciplease-oc-Reciplease-ocUITests/Pods-Reciplease-oc-Reciplease-ocUITests.release.xcconfig"; sourceTree = "<group>"; };
		BB5B5C24EDF1F0281918B838 /* Pods-Reciplease-oc-Reciplease-ocUITests.debug.xcconfig */ = {isa = PBXFileReference; includeInIndex = 1; lastKnownFileType = text.xcconfig; name = "Pods-Reciplease-oc-Reciplease-ocUITests.debug.xcconfig"; path = "Target Support Files/Pods-Reciplease-oc-Reciplease-ocUITests/Pods-Reciplease-oc-Reciplease-ocUITests.debug.xcconfig"; sourceTree = "<group>"; };
/* End PBXFileReference section */

/* Begin PBXFrameworksBuildPhase section */
		6E6C789E2842D7240050C53A /* Frameworks */ = {
			isa = PBXFrameworksBuildPhase;
			buildActionMask = 2147483647;
			files = (
				6E6C78E02842E0590050C53A /* Alamofire in Frameworks */,
				56163CDA86C14B97C78A5CE7 /* Pods_Reciplease_oc.framework in Frameworks */,
			);
			runOnlyForDeploymentPostprocessing = 0;
		};
		6E6C78B72842D72F0050C53A /* Frameworks */ = {
			isa = PBXFrameworksBuildPhase;
			buildActionMask = 2147483647;
			files = (
				B8303799ADF751D8C8FF0BAE /* Pods_Reciplease_ocTests.framework in Frameworks */,
			);
			runOnlyForDeploymentPostprocessing = 0;
		};
		6E6C78C12842D72F0050C53A /* Frameworks */ = {
			isa = PBXFrameworksBuildPhase;
			buildActionMask = 2147483647;
			files = (
				F035B0765F528E981F8A167B /* Pods_Reciplease_oc_Reciplease_ocUITests.framework in Frameworks */,
			);
			runOnlyForDeploymentPostprocessing = 0;
		};
/* End PBXFrameworksBuildPhase section */

/* Begin PBXGroup section */
		4E0B955D0A4FB87A84441A8D /* Pods */ = {
			isa = PBXGroup;
			children = (
				B5EE73FD879142316C830408 /* Pods-Reciplease-oc.debug.xcconfig */,
				A1B6A637F23FA83E9FDBF0E9 /* Pods-Reciplease-oc.release.xcconfig */,
				BB5B5C24EDF1F0281918B838 /* Pods-Reciplease-oc-Reciplease-ocUITests.debug.xcconfig */,
				BA776294B2A582CA5F24B93F /* Pods-Reciplease-oc-Reciplease-ocUITests.release.xcconfig */,
				17F5C40C13FA090FC96C20B5 /* Pods-Reciplease-ocTests.debug.xcconfig */,
				2F8D00CF57767516C2189F8D /* Pods-Reciplease-ocTests.release.xcconfig */,
				195CF8C60F6499E6F8C4F211 /* Pods-Reciplease-oc-Reciplease-ocTests.debug.xcconfig */,
				AB811FFA73B52ED4FFC0FEE4 /* Pods-Reciplease-oc-Reciplease-ocTests.release.xcconfig */,
			);
			path = Pods;
			sourceTree = "<group>";
		};
		6E0BA31328B3C4A50069A680 /* Cache */ = {
			isa = PBXGroup;
			children = (
				6E0BA31428B3C4CB0069A680 /* CacheManager.swift */,
			);
			path = Cache;
			sourceTree = "<group>";
		};
		6E2237E328BC25E600B01B8F /* Network */ = {
			isa = PBXGroup;
			children = (
				6E2237E528BC266C00B01B8F /* TestCase.swift */,
				6E2237E728BC270F00B01B8F /* NetworkFake.swift */,
				6E2237E928BC28A600B01B8F /* IngredientsTestCase.swift */,
				6E2237EB28BC35B400B01B8F /* Ingredients.json */,
			);
			path = Network;
			sourceTree = "<group>";
		};
		6E2237E428BC25FE00B01B8F /* CoreData */ = {
			isa = PBXGroup;
			children = (
				6E1D5B79289A5DC8008D4C18 /* TestRecipesCoreDataManager.swift */,
				6E1D5B77289A534E008D4C18 /* TestCoreDataStack.swift */,
			);
			path = CoreData;
			sourceTree = "<group>";
		};
		6E461F3A2867378900932E79 /* CoreData */ = {
			isa = PBXGroup;
			children = (
				6E6C78AD2842D7240050C53A /* Reciplease-oc.xcdatamodeld */,
				6EB9E5AE286E6043003A0403 /* CoreDataStack.swift */,
			);
			path = CoreData;
			sourceTree = "<group>";
		};
		6E6C78982842D7240050C53A = {
			isa = PBXGroup;
			children = (
				6E6C78A32842D7240050C53A /* Reciplease-oc */,
				6E6C78BD2842D72F0050C53A /* Reciplease-ocTests */,
				6E6C78C72842D72F0050C53A /* Reciplease-ocUITests */,
				6E6C78A22842D7240050C53A /* Products */,
				4E0B955D0A4FB87A84441A8D /* Pods */,
				C95C547720B564F3D80D1CD7 /* Frameworks */,
			);
			sourceTree = "<group>";
		};
		6E6C78A22842D7240050C53A /* Products */ = {
			isa = PBXGroup;
			children = (
				6E6C78A12842D7240050C53A /* Reciplease-oc.app */,
				6E6C78BA2842D72F0050C53A /* Reciplease-ocTests.xctest */,
				6E6C78C42842D72F0050C53A /* Reciplease-ocUITests.xctest */,
			);
			name = Products;
			sourceTree = "<group>";
		};
		6E6C78A32842D7240050C53A /* Reciplease-oc */ = {
			isa = PBXGroup;
			children = (
				6E707875287846F30033D1F6 /* View */,
				6EFFB01C284FCBA500E2424E /* Core */,
				6E6C78DA2842DA0F0050C53A /* AllRecipes */,
				6E6C78D92842D9FE0050C53A /* OneRecipe */,
				6E6C78DB2842DA180050C53A /* Ingredients */,
				6E6C78A42842D7240050C53A /* AppDelegate.swift */,
				6E6C78A62842D7240050C53A /* SceneDelegate.swift */,
				6E6C78AA2842D7240050C53A /* Main.storyboard */,
				6E6C78B02842D72E0050C53A /* Assets.xcassets */,
				6E6C78B22842D72E0050C53A /* LaunchScreen.storyboard */,
				6E6C78B52842D72E0050C53A /* Info.plist */,
			);
			path = "Reciplease-oc";
			sourceTree = "<group>";
		};
		6E6C78BD2842D72F0050C53A /* Reciplease-ocTests */ = {
			isa = PBXGroup;
			children = (
				6E2237E428BC25FE00B01B8F /* CoreData */,
				6E2237E328BC25E600B01B8F /* Network */,
			);
			path = "Reciplease-ocTests";
			sourceTree = "<group>";
		};
		6E6C78C72842D72F0050C53A /* Reciplease-ocUITests */ = {
			isa = PBXGroup;
			children = (
				6E6C78C82842D72F0050C53A /* Reciplease_ocUITests.swift */,
				6E6C78CA2842D72F0050C53A /* Reciplease_ocUITestsLaunchTests.swift */,
			);
			path = "Reciplease-ocUITests";
			sourceTree = "<group>";
		};
		6E6C78D92842D9FE0050C53A /* OneRecipe */ = {
			isa = PBXGroup;
			children = (
				6E461F3B286737BC00932E79 /* OneRecipeViewController.swift */,
				6E461F3D286737E500932E79 /* OneRecipeView.swift */,
			);
			path = OneRecipe;
			sourceTree = "<group>";
		};
		6E6C78DA2842DA0F0050C53A /* AllRecipes */ = {
			isa = PBXGroup;
			children = (
				6EFFB01A284FC0FE00E2424E /* AllRecipesViewController.swift */,
				6E28843428A962BA005E425F /* FetchImageNetwork.swift */,
				6E28843628A963F4005E425F /* AllRecipesService.swift */,
			);
			path = AllRecipes;
			sourceTree = "<group>";
		};
		6E6C78DB2842DA180050C53A /* Ingredients */ = {
			isa = PBXGroup;
			children = (
				6E6C78A82842D7240050C53A /* IngredientsViewController.swift */,
				6E6C78D72842D9F60050C53A /* IngredientsView.swift */,
				6E6C78DC2842DA5F0050C53A /* IngredientsTableViewCell.swift */,
				6EFFB014284FBCF100E2424E /* IngredientsService.swift */,
				6EFFB016284FBDC000E2424E /* IngredientsRouterNetwork.swift */,
			);
			path = Ingredients;
			sourceTree = "<group>";
		};
		6E6DC499285927A700AA5C45 /* PopUpInformation */ = {
			isa = PBXGroup;
			children = (
				6E1BD0CA28738EFA00222DD7 /* InfoType.swift */,
				6E6DC49A285927CB00AA5C45 /* ErrorType.swift */,
				6E6DC49C28592AA900AA5C45 /* UIViewController+Extension.swift */,
			);
			path = PopUpInformation;
			sourceTree = "<group>";
		};
		6E707875287846F30033D1F6 /* View */ = {
			isa = PBXGroup;
			children = (
				6E1BD0CE28739D3600222DD7 /* Extension+UIView.swift */,
				6E707876287847AC0033D1F6 /* RecipeTableViewCell.swift */,
				6E707877287847AC0033D1F6 /* RecipeTableViewCell.xib */,
			);
			path = View;
			sourceTree = "<group>";
		};
		6EFFB01C284FCBA500E2424E /* Core */ = {
			isa = PBXGroup;
			children = (
				6E0BA31328B3C4A50069A680 /* Cache */,
				6E461F3A2867378900932E79 /* CoreData */,
				6E6DC499285927A700AA5C45 /* PopUpInformation */,
				6EFFB01D284FCBC000E2424E /* Model */,
				6EFFB018284FBEC700E2424E /* APINetwork.swift */,
				6E6DC49E285939F200AA5C45 /* APINetworkProtocol.swift */,
				6E1BD0C828737E0600222DD7 /* RecipesCoreDataManager.swift */,
			);
			path = Core;
			sourceTree = "<group>";
		};
		6EFFB01D284FCBC000E2424E /* Model */ = {
			isa = PBXGroup;
			children = (
				6EFFB012284FBC2E00E2424E /* RecipesStructure.swift */,
				6E674C562892A88C0051025F /* RecipeUI.swift */,
			);
			path = Model;
			sourceTree = "<group>";
		};
		C95C547720B564F3D80D1CD7 /* Frameworks */ = {
			isa = PBXGroup;
			children = (
				880F5A7777E537FA08368C79 /* Pods_Reciplease_oc.framework */,
				A554EA83200284B8FB964CD4 /* Pods_Reciplease_oc_Reciplease_ocUITests.framework */,
				2603A9D643A2DB7CBC7E4831 /* Pods_Reciplease_ocTests.framework */,
			);
			name = Frameworks;
			sourceTree = "<group>";
		};
/* End PBXGroup section */

/* Begin PBXNativeTarget section */
		6E6C78A02842D7240050C53A /* Reciplease-oc */ = {
			isa = PBXNativeTarget;
			buildConfigurationList = 6E6C78CE2842D72F0050C53A /* Build configuration list for PBXNativeTarget "Reciplease-oc" */;
			buildPhases = (
				FF9C2CD7F90197C5B27E6212 /* [CP] Check Pods Manifest.lock */,
				6E6C789D2842D7240050C53A /* Sources */,
				6E6C789E2842D7240050C53A /* Frameworks */,
				6E6C789F2842D7240050C53A /* Resources */,
			);
			buildRules = (
			);
			dependencies = (
			);
			name = "Reciplease-oc";
			packageProductDependencies = (
				6E6C78DF2842E0590050C53A /* Alamofire */,
			);
			productName = "Reciplease-oc";
			productReference = 6E6C78A12842D7240050C53A /* Reciplease-oc.app */;
			productType = "com.apple.product-type.application";
		};
		6E6C78B92842D72F0050C53A /* Reciplease-ocTests */ = {
			isa = PBXNativeTarget;
			buildConfigurationList = 6E6C78D12842D72F0050C53A /* Build configuration list for PBXNativeTarget "Reciplease-ocTests" */;
			buildPhases = (
				9E21B7C97BBD5A2161FE2AE6 /* [CP] Check Pods Manifest.lock */,
				6E6C78B62842D72F0050C53A /* Sources */,
				6E6C78B72842D72F0050C53A /* Frameworks */,
				6E6C78B82842D72F0050C53A /* Resources */,
				9F1F09684D251D694176E567 /* [CP] Embed Pods Frameworks */,
			);
			buildRules = (
			);
			dependencies = (
				6E6C78BC2842D72F0050C53A /* PBXTargetDependency */,
			);
			name = "Reciplease-ocTests";
			productName = "Reciplease-ocTests";
			productReference = 6E6C78BA2842D72F0050C53A /* Reciplease-ocTests.xctest */;
			productType = "com.apple.product-type.bundle.unit-test";
		};
		6E6C78C32842D72F0050C53A /* Reciplease-ocUITests */ = {
			isa = PBXNativeTarget;
			buildConfigurationList = 6E6C78D42842D72F0050C53A /* Build configuration list for PBXNativeTarget "Reciplease-ocUITests" */;
			buildPhases = (
				A4B0A7FB917DF8BE734BE081 /* [CP] Check Pods Manifest.lock */,
				6E6C78C02842D72F0050C53A /* Sources */,
				6E6C78C12842D72F0050C53A /* Frameworks */,
				6E6C78C22842D72F0050C53A /* Resources */,
			);
			buildRules = (
			);
			dependencies = (
				6E6C78C62842D72F0050C53A /* PBXTargetDependency */,
			);
			name = "Reciplease-ocUITests";
			productName = "Reciplease-ocUITests";
			productReference = 6E6C78C42842D72F0050C53A /* Reciplease-ocUITests.xctest */;
			productType = "com.apple.product-type.bundle.ui-testing";
		};
/* End PBXNativeTarget section */

/* Begin PBXProject section */
		6E6C78992842D7240050C53A /* Project object */ = {
			isa = PBXProject;
			attributes = {
				BuildIndependentTargetsInParallel = 1;
				LastSwiftUpdateCheck = 1300;
				LastUpgradeCheck = 1300;
				TargetAttributes = {
					6E6C78A02842D7240050C53A = {
						CreatedOnToolsVersion = 13.0;
					};
					6E6C78B92842D72F0050C53A = {
						CreatedOnToolsVersion = 13.0;
						TestTargetID = 6E6C78A02842D7240050C53A;
					};
					6E6C78C32842D72F0050C53A = {
						CreatedOnToolsVersion = 13.0;
						TestTargetID = 6E6C78A02842D7240050C53A;
					};
				};
			};
			buildConfigurationList = 6E6C789C2842D7240050C53A /* Build configuration list for PBXProject "Reciplease-oc" */;
			compatibilityVersion = "Xcode 13.0";
			developmentRegion = en;
			hasScannedForEncodings = 0;
			knownRegions = (
				en,
				Base,
			);
			mainGroup = 6E6C78982842D7240050C53A;
			packageReferences = (
				6E6C78DE2842E0590050C53A /* XCRemoteSwiftPackageReference "Alamofire" */,
			);
			productRefGroup = 6E6C78A22842D7240050C53A /* Products */;
			projectDirPath = "";
			projectRoot = "";
			targets = (
				6E6C78A02842D7240050C53A /* Reciplease-oc */,
				6E6C78B92842D72F0050C53A /* Reciplease-ocTests */,
				6E6C78C32842D72F0050C53A /* Reciplease-ocUITests */,
			);
		};
/* End PBXProject section */

/* Begin PBXResourcesBuildPhase section */
		6E6C789F2842D7240050C53A /* Resources */ = {
			isa = PBXResourcesBuildPhase;
			buildActionMask = 2147483647;
			files = (
				6E6C78B42842D72E0050C53A /* LaunchScreen.storyboard in Resources */,
				6E6C78B12842D72E0050C53A /* Assets.xcassets in Resources */,
				6E6C78AC2842D7240050C53A /* Main.storyboard in Resources */,
				6E707879287847AC0033D1F6 /* RecipeTableViewCell.xib in Resources */,
			);
			runOnlyForDeploymentPostprocessing = 0;
		};
		6E6C78B82842D72F0050C53A /* Resources */ = {
			isa = PBXResourcesBuildPhase;
			buildActionMask = 2147483647;
			files = (
				6E2237EC28BC35B400B01B8F /* Ingredients.json in Resources */,
			);
			runOnlyForDeploymentPostprocessing = 0;
		};
		6E6C78C22842D72F0050C53A /* Resources */ = {
			isa = PBXResourcesBuildPhase;
			buildActionMask = 2147483647;
			files = (
			);
			runOnlyForDeploymentPostprocessing = 0;
		};
/* End PBXResourcesBuildPhase section */

/* Begin PBXShellScriptBuildPhase section */
		9E21B7C97BBD5A2161FE2AE6 /* [CP] Check Pods Manifest.lock */ = {
			isa = PBXShellScriptBuildPhase;
			buildActionMask = 2147483647;
			files = (
			);
			inputFileListPaths = (
			);
			inputPaths = (
				"${PODS_PODFILE_DIR_PATH}/Podfile.lock",
				"${PODS_ROOT}/Manifest.lock",
			);
			name = "[CP] Check Pods Manifest.lock";
			outputFileListPaths = (
			);
			outputPaths = (
				"$(DERIVED_FILE_DIR)/Pods-Reciplease-ocTests-checkManifestLockResult.txt",
			);
			runOnlyForDeploymentPostprocessing = 0;
			shellPath = /bin/sh;
			shellScript = "diff \"${PODS_PODFILE_DIR_PATH}/Podfile.lock\" \"${PODS_ROOT}/Manifest.lock\" > /dev/null\nif [ $? != 0 ] ; then\n    # print error to STDERR\n    echo \"error: The sandbox is not in sync with the Podfile.lock. Run 'pod install' or update your CocoaPods installation.\" >&2\n    exit 1\nfi\n# This output is used by Xcode 'outputs' to avoid re-running this script phase.\necho \"SUCCESS\" > \"${SCRIPT_OUTPUT_FILE_0}\"\n";
			showEnvVarsInLog = 0;
		};
		9F1F09684D251D694176E567 /* [CP] Embed Pods Frameworks */ = {
			isa = PBXShellScriptBuildPhase;
			buildActionMask = 2147483647;
			files = (
			);
			inputFileListPaths = (
				"${PODS_ROOT}/Target Support Files/Pods-Reciplease-ocTests/Pods-Reciplease-ocTests-frameworks-${CONFIGURATION}-input-files.xcfilelist",
			);
			name = "[CP] Embed Pods Frameworks";
			outputFileListPaths = (
				"${PODS_ROOT}/Target Support Files/Pods-Reciplease-ocTests/Pods-Reciplease-ocTests-frameworks-${CONFIGURATION}-output-files.xcfilelist",
			);
			runOnlyForDeploymentPostprocessing = 0;
			shellPath = /bin/sh;
			shellScript = "\"${PODS_ROOT}/Target Support Files/Pods-Reciplease-ocTests/Pods-Reciplease-ocTests-frameworks.sh\"\n";
			showEnvVarsInLog = 0;
		};
		A4B0A7FB917DF8BE734BE081 /* [CP] Check Pods Manifest.lock */ = {
			isa = PBXShellScriptBuildPhase;
			buildActionMask = 2147483647;
			files = (
			);
			inputFileListPaths = (
			);
			inputPaths = (
				"${PODS_PODFILE_DIR_PATH}/Podfile.lock",
				"${PODS_ROOT}/Manifest.lock",
			);
			name = "[CP] Check Pods Manifest.lock";
			outputFileListPaths = (
			);
			outputPaths = (
				"$(DERIVED_FILE_DIR)/Pods-Reciplease-oc-Reciplease-ocUITests-checkManifestLockResult.txt",
			);
			runOnlyForDeploymentPostprocessing = 0;
			shellPath = /bin/sh;
			shellScript = "diff \"${PODS_PODFILE_DIR_PATH}/Podfile.lock\" \"${PODS_ROOT}/Manifest.lock\" > /dev/null\nif [ $? != 0 ] ; then\n    # print error to STDERR\n    echo \"error: The sandbox is not in sync with the Podfile.lock. Run 'pod install' or update your CocoaPods installation.\" >&2\n    exit 1\nfi\n# This output is used by Xcode 'outputs' to avoid re-running this script phase.\necho \"SUCCESS\" > \"${SCRIPT_OUTPUT_FILE_0}\"\n";
			showEnvVarsInLog = 0;
		};
		FF9C2CD7F90197C5B27E6212 /* [CP] Check Pods Manifest.lock */ = {
			isa = PBXShellScriptBuildPhase;
			buildActionMask = 2147483647;
			files = (
			);
			inputFileListPaths = (
			);
			inputPaths = (
				"${PODS_PODFILE_DIR_PATH}/Podfile.lock",
				"${PODS_ROOT}/Manifest.lock",
			);
			name = "[CP] Check Pods Manifest.lock";
			outputFileListPaths = (
			);
			outputPaths = (
				"$(DERIVED_FILE_DIR)/Pods-Reciplease-oc-checkManifestLockResult.txt",
			);
			runOnlyForDeploymentPostprocessing = 0;
			shellPath = /bin/sh;
			shellScript = "diff \"${PODS_PODFILE_DIR_PATH}/Podfile.lock\" \"${PODS_ROOT}/Manifest.lock\" > /dev/null\nif [ $? != 0 ] ; then\n    # print error to STDERR\n    echo \"error: The sandbox is not in sync with the Podfile.lock. Run 'pod install' or update your CocoaPods installation.\" >&2\n    exit 1\nfi\n# This output is used by Xcode 'outputs' to avoid re-running this script phase.\necho \"SUCCESS\" > \"${SCRIPT_OUTPUT_FILE_0}\"\n";
			showEnvVarsInLog = 0;
		};
/* End PBXShellScriptBuildPhase section */

/* Begin PBXSourcesBuildPhase section */
		6E6C789D2842D7240050C53A /* Sources */ = {
			isa = PBXSourcesBuildPhase;
			buildActionMask = 2147483647;
			files = (
				6EFFB019284FBEC700E2424E /* APINetwork.swift in Sources */,
				6E461F3C286737BC00932E79 /* OneRecipeViewController.swift in Sources */,
				6E1BD0CF28739D3600222DD7 /* Extension+UIView.swift in Sources */,
				6E461F3E286737E500932E79 /* OneRecipeView.swift in Sources */,
				6E6DC49D28592AA900AA5C45 /* UIViewController+Extension.swift in Sources */,
				6E6C78AF2842D7240050C53A /* Reciplease-oc.xcdatamodeld in Sources */,
				6EFFB013284FBC2E00E2424E /* RecipesStructure.swift in Sources */,
				6E674C572892A88C0051025F /* RecipeUI.swift in Sources */,
				6E6C78D82842D9F60050C53A /* IngredientsView.swift in Sources */,
				6E6C78DD2842DA5F0050C53A /* IngredientsTableViewCell.swift in Sources */,
				6E28843528A962BA005E425F /* FetchImageNetwork.swift in Sources */,
				6E0BA31528B3C4CB0069A680 /* CacheManager.swift in Sources */,
				6E707878287847AC0033D1F6 /* RecipeTableViewCell.swift in Sources */,
				6EB9E5AF286E6043003A0403 /* CoreDataStack.swift in Sources */,
				6EFFB017284FBDC000E2424E /* IngredientsRouterNetwork.swift in Sources */,
				6E1BD0CB28738EFA00222DD7 /* InfoType.swift in Sources */,
				6E28843728A963F4005E425F /* AllRecipesService.swift in Sources */,
				6E6C78A92842D7240050C53A /* IngredientsViewController.swift in Sources */,
				6E6C78A52842D7240050C53A /* AppDelegate.swift in Sources */,
				6E6DC49F285939F200AA5C45 /* APINetworkProtocol.swift in Sources */,
				6EFFB01B284FC0FE00E2424E /* AllRecipesViewController.swift in Sources */,
				6E6C78A72842D7240050C53A /* SceneDelegate.swift in Sources */,
				6E6DC49B285927CB00AA5C45 /* ErrorType.swift in Sources */,
				6EFFB015284FBCF100E2424E /* IngredientsService.swift in Sources */,
				6E1BD0C928737E0600222DD7 /* RecipesCoreDataManager.swift in Sources */,
			);
			runOnlyForDeploymentPostprocessing = 0;
		};
		6E6C78B62842D72F0050C53A /* Sources */ = {
			isa = PBXSourcesBuildPhase;
			buildActionMask = 2147483647;
			files = (
				6E1D5B78289A534E008D4C18 /* TestCoreDataStack.swift in Sources */,
				6E2237E828BC270F00B01B8F /* NetworkFake.swift in Sources */,
				6E1D5B7A289A5DC8008D4C18 /* TestRecipesCoreDataManager.swift in Sources */,
				6E2237E628BC266C00B01B8F /* TestCase.swift in Sources */,
				6E2237EA28BC28A700B01B8F /* IngredientsTestCase.swift in Sources */,
			);
			runOnlyForDeploymentPostprocessing = 0;
		};
		6E6C78C02842D72F0050C53A /* Sources */ = {
			isa = PBXSourcesBuildPhase;
			buildActionMask = 2147483647;
			files = (
				6E6C78C92842D72F0050C53A /* Reciplease_ocUITests.swift in Sources */,
				6E6C78CB2842D72F0050C53A /* Reciplease_ocUITestsLaunchTests.swift in Sources */,
			);
			runOnlyForDeploymentPostprocessing = 0;
		};
/* End PBXSourcesBuildPhase section */

/* Begin PBXTargetDependency section */
		6E6C78BC2842D72F0050C53A /* PBXTargetDependency */ = {
			isa = PBXTargetDependency;
			target = 6E6C78A02842D7240050C53A /* Reciplease-oc */;
			targetProxy = 6E6C78BB2842D72F0050C53A /* PBXContainerItemProxy */;
		};
		6E6C78C62842D72F0050C53A /* PBXTargetDependency */ = {
			isa = PBXTargetDependency;
			target = 6E6C78A02842D7240050C53A /* Reciplease-oc */;
			targetProxy = 6E6C78C52842D72F0050C53A /* PBXContainerItemProxy */;
		};
/* End PBXTargetDependency section */

/* Begin PBXVariantGroup section */
		6E6C78AA2842D7240050C53A /* Main.storyboard */ = {
			isa = PBXVariantGroup;
			children = (
				6E6C78AB2842D7240050C53A /* Base */,
			);
			name = Main.storyboard;
			sourceTree = "<group>";
		};
		6E6C78B22842D72E0050C53A /* LaunchScreen.storyboard */ = {
			isa = PBXVariantGroup;
			children = (
				6E6C78B32842D72E0050C53A /* Base */,
			);
			name = LaunchScreen.storyboard;
			sourceTree = "<group>";
		};
/* End PBXVariantGroup section */

/* Begin XCBuildConfiguration section */
		6E6C78CC2842D72F0050C53A /* Debug */ = {
			isa = XCBuildConfiguration;
			buildSettings = {
				ALWAYS_SEARCH_USER_PATHS = NO;
				CLANG_ANALYZER_NONNULL = YES;
				CLANG_ANALYZER_NUMBER_OBJECT_CONVERSION = YES_AGGRESSIVE;
				CLANG_CXX_LANGUAGE_STANDARD = "gnu++17";
				CLANG_CXX_LIBRARY = "libc++";
				CLANG_ENABLE_MODULES = YES;
				CLANG_ENABLE_OBJC_ARC = YES;
				CLANG_ENABLE_OBJC_WEAK = YES;
				CLANG_WARN_BLOCK_CAPTURE_AUTORELEASING = YES;
				CLANG_WARN_BOOL_CONVERSION = YES;
				CLANG_WARN_COMMA = YES;
				CLANG_WARN_CONSTANT_CONVERSION = YES;
				CLANG_WARN_DEPRECATED_OBJC_IMPLEMENTATIONS = YES;
				CLANG_WARN_DIRECT_OBJC_ISA_USAGE = YES_ERROR;
				CLANG_WARN_DOCUMENTATION_COMMENTS = YES;
				CLANG_WARN_EMPTY_BODY = YES;
				CLANG_WARN_ENUM_CONVERSION = YES;
				CLANG_WARN_INFINITE_RECURSION = YES;
				CLANG_WARN_INT_CONVERSION = YES;
				CLANG_WARN_NON_LITERAL_NULL_CONVERSION = YES;
				CLANG_WARN_OBJC_IMPLICIT_RETAIN_SELF = YES;
				CLANG_WARN_OBJC_LITERAL_CONVERSION = YES;
				CLANG_WARN_OBJC_ROOT_CLASS = YES_ERROR;
				CLANG_WARN_QUOTED_INCLUDE_IN_FRAMEWORK_HEADER = YES;
				CLANG_WARN_RANGE_LOOP_ANALYSIS = YES;
				CLANG_WARN_STRICT_PROTOTYPES = YES;
				CLANG_WARN_SUSPICIOUS_MOVE = YES;
				CLANG_WARN_UNGUARDED_AVAILABILITY = YES_AGGRESSIVE;
				CLANG_WARN_UNREACHABLE_CODE = YES;
				CLANG_WARN__DUPLICATE_METHOD_MATCH = YES;
				COPY_PHASE_STRIP = NO;
				DEBUG_INFORMATION_FORMAT = dwarf;
				ENABLE_STRICT_OBJC_MSGSEND = YES;
				ENABLE_TESTABILITY = YES;
				GCC_C_LANGUAGE_STANDARD = gnu11;
				GCC_DYNAMIC_NO_PIC = NO;
				GCC_NO_COMMON_BLOCKS = YES;
				GCC_OPTIMIZATION_LEVEL = 0;
				GCC_PREPROCESSOR_DEFINITIONS = (
					"DEBUG=1",
					"$(inherited)",
				);
				GCC_WARN_64_TO_32_BIT_CONVERSION = YES;
				GCC_WARN_ABOUT_RETURN_TYPE = YES_ERROR;
				GCC_WARN_UNDECLARED_SELECTOR = YES;
				GCC_WARN_UNINITIALIZED_AUTOS = YES_AGGRESSIVE;
				GCC_WARN_UNUSED_FUNCTION = YES;
				GCC_WARN_UNUSED_VARIABLE = YES;
				IPHONEOS_DEPLOYMENT_TARGET = 15.0;
				MTL_ENABLE_DEBUG_INFO = INCLUDE_SOURCE;
				MTL_FAST_MATH = YES;
				ONLY_ACTIVE_ARCH = YES;
				SDKROOT = iphoneos;
				SWIFT_ACTIVE_COMPILATION_CONDITIONS = DEBUG;
				SWIFT_OPTIMIZATION_LEVEL = "-Onone";
			};
			name = Debug;
		};
		6E6C78CD2842D72F0050C53A /* Release */ = {
			isa = XCBuildConfiguration;
			buildSettings = {
				ALWAYS_SEARCH_USER_PATHS = NO;
				CLANG_ANALYZER_NONNULL = YES;
				CLANG_ANALYZER_NUMBER_OBJECT_CONVERSION = YES_AGGRESSIVE;
				CLANG_CXX_LANGUAGE_STANDARD = "gnu++17";
				CLANG_CXX_LIBRARY = "libc++";
				CLANG_ENABLE_MODULES = YES;
				CLANG_ENABLE_OBJC_ARC = YES;
				CLANG_ENABLE_OBJC_WEAK = YES;
				CLANG_WARN_BLOCK_CAPTURE_AUTORELEASING = YES;
				CLANG_WARN_BOOL_CONVERSION = YES;
				CLANG_WARN_COMMA = YES;
				CLANG_WARN_CONSTANT_CONVERSION = YES;
				CLANG_WARN_DEPRECATED_OBJC_IMPLEMENTATIONS = YES;
				CLANG_WARN_DIRECT_OBJC_ISA_USAGE = YES_ERROR;
				CLANG_WARN_DOCUMENTATION_COMMENTS = YES;
				CLANG_WARN_EMPTY_BODY = YES;
				CLANG_WARN_ENUM_CONVERSION = YES;
				CLANG_WARN_INFINITE_RECURSION = YES;
				CLANG_WARN_INT_CONVERSION = YES;
				CLANG_WARN_NON_LITERAL_NULL_CONVERSION = YES;
				CLANG_WARN_OBJC_IMPLICIT_RETAIN_SELF = YES;
				CLANG_WARN_OBJC_LITERAL_CONVERSION = YES;
				CLANG_WARN_OBJC_ROOT_CLASS = YES_ERROR;
				CLANG_WARN_QUOTED_INCLUDE_IN_FRAMEWORK_HEADER = YES;
				CLANG_WARN_RANGE_LOOP_ANALYSIS = YES;
				CLANG_WARN_STRICT_PROTOTYPES = YES;
				CLANG_WARN_SUSPICIOUS_MOVE = YES;
				CLANG_WARN_UNGUARDED_AVAILABILITY = YES_AGGRESSIVE;
				CLANG_WARN_UNREACHABLE_CODE = YES;
				CLANG_WARN__DUPLICATE_METHOD_MATCH = YES;
				COPY_PHASE_STRIP = NO;
				DEBUG_INFORMATION_FORMAT = "dwarf-with-dsym";
				ENABLE_NS_ASSERTIONS = NO;
				ENABLE_STRICT_OBJC_MSGSEND = YES;
				GCC_C_LANGUAGE_STANDARD = gnu11;
				GCC_NO_COMMON_BLOCKS = YES;
				GCC_WARN_64_TO_32_BIT_CONVERSION = YES;
				GCC_WARN_ABOUT_RETURN_TYPE = YES_ERROR;
				GCC_WARN_UNDECLARED_SELECTOR = YES;
				GCC_WARN_UNINITIALIZED_AUTOS = YES_AGGRESSIVE;
				GCC_WARN_UNUSED_FUNCTION = YES;
				GCC_WARN_UNUSED_VARIABLE = YES;
				IPHONEOS_DEPLOYMENT_TARGET = 15.0;
				MTL_ENABLE_DEBUG_INFO = NO;
				MTL_FAST_MATH = YES;
				SDKROOT = iphoneos;
				SWIFT_COMPILATION_MODE = wholemodule;
				SWIFT_OPTIMIZATION_LEVEL = "-O";
				VALIDATE_PRODUCT = YES;
			};
			name = Release;
		};
		6E6C78CF2842D72F0050C53A /* Debug */ = {
			isa = XCBuildConfiguration;
			baseConfigurationReference = B5EE73FD879142316C830408 /* Pods-Reciplease-oc.debug.xcconfig */;
			buildSettings = {
				ASSETCATALOG_COMPILER_APPICON_NAME = AppIcon;
				ASSETCATALOG_COMPILER_GLOBAL_ACCENT_COLOR_NAME = AccentColor;
				CODE_SIGN_STYLE = Automatic;
				CURRENT_PROJECT_VERSION = 1;
				DEVELOPMENT_TEAM = 7MYTN58B65;
				GENERATE_INFOPLIST_FILE = YES;
				INFOPLIST_FILE = "Reciplease-oc/Info.plist";
				INFOPLIST_KEY_UIApplicationSupportsIndirectInputEvents = YES;
				INFOPLIST_KEY_UILaunchStoryboardName = LaunchScreen;
				INFOPLIST_KEY_UIMainStoryboardFile = Main;
				INFOPLIST_KEY_UISupportedInterfaceOrientations_iPad = "UIInterfaceOrientationPortrait UIInterfaceOrientationPortraitUpsideDown UIInterfaceOrientationLandscapeLeft UIInterfaceOrientationLandscapeRight";
				INFOPLIST_KEY_UISupportedInterfaceOrientations_iPhone = "UIInterfaceOrientationPortrait UIInterfaceOrientationLandscapeLeft UIInterfaceOrientationLandscapeRight";
				LD_RUNPATH_SEARCH_PATHS = (
					"$(inherited)",
					"@executable_path/Frameworks",
				);
				MARKETING_VERSION = 1.0;
				PRODUCT_BUNDLE_IDENTIFIER = "com.honoreadeline.Reciplease-oc";
				PRODUCT_NAME = "$(TARGET_NAME)";
				SWIFT_EMIT_LOC_STRINGS = YES;
				SWIFT_VERSION = 5.0;
				TARGETED_DEVICE_FAMILY = 1;
			};
			name = Debug;
		};
		6E6C78D02842D72F0050C53A /* Release */ = {
			isa = XCBuildConfiguration;
			baseConfigurationReference = A1B6A637F23FA83E9FDBF0E9 /* Pods-Reciplease-oc.release.xcconfig */;
			buildSettings = {
				ASSETCATALOG_COMPILER_APPICON_NAME = AppIcon;
				ASSETCATALOG_COMPILER_GLOBAL_ACCENT_COLOR_NAME = AccentColor;
				CODE_SIGN_STYLE = Automatic;
				CURRENT_PROJECT_VERSION = 1;
				DEVELOPMENT_TEAM = 7MYTN58B65;
				GENERATE_INFOPLIST_FILE = YES;
				INFOPLIST_FILE = "Reciplease-oc/Info.plist";
				INFOPLIST_KEY_UIApplicationSupportsIndirectInputEvents = YES;
				INFOPLIST_KEY_UILaunchStoryboardName = LaunchScreen;
				INFOPLIST_KEY_UIMainStoryboardFile = Main;
				INFOPLIST_KEY_UISupportedInterfaceOrientations_iPad = "UIInterfaceOrientationPortrait UIInterfaceOrientationPortraitUpsideDown UIInterfaceOrientationLandscapeLeft UIInterfaceOrientationLandscapeRight";
				INFOPLIST_KEY_UISupportedInterfaceOrientations_iPhone = "UIInterfaceOrientationPortrait UIInterfaceOrientationLandscapeLeft UIInterfaceOrientationLandscapeRight";
				LD_RUNPATH_SEARCH_PATHS = (
					"$(inherited)",
					"@executable_path/Frameworks",
				);
				MARKETING_VERSION = 1.0;
				PRODUCT_BUNDLE_IDENTIFIER = "com.honoreadeline.Reciplease-oc";
				PRODUCT_NAME = "$(TARGET_NAME)";
				SWIFT_EMIT_LOC_STRINGS = YES;
				SWIFT_VERSION = 5.0;
				TARGETED_DEVICE_FAMILY = 1;
			};
			name = Release;
		};
		6E6C78D22842D72F0050C53A /* Debug */ = {
			isa = XCBuildConfiguration;
			baseConfigurationReference = 17F5C40C13FA090FC96C20B5 /* Pods-Reciplease-ocTests.debug.xcconfig */;
			buildSettings = {
				ALWAYS_EMBED_SWIFT_STANDARD_LIBRARIES = YES;
				BUNDLE_LOADER = "$(TEST_HOST)";
				CODE_SIGN_STYLE = Automatic;
				CURRENT_PROJECT_VERSION = 1;
				GENERATE_INFOPLIST_FILE = YES;
				IPHONEOS_DEPLOYMENT_TARGET = 15.0;
				LD_RUNPATH_SEARCH_PATHS = (
					"$(inherited)",
					"@executable_path/Frameworks",
					"@loader_path/Frameworks",
				);
				MARKETING_VERSION = 1.0;
				PRODUCT_BUNDLE_IDENTIFIER = "com.honoreadeline.Reciplease-ocTests";
				PRODUCT_NAME = "$(TARGET_NAME)";
				SWIFT_EMIT_LOC_STRINGS = NO;
				SWIFT_VERSION = 5.0;
				TARGETED_DEVICE_FAMILY = "1,2";
				TEST_HOST = "$(BUILT_PRODUCTS_DIR)/Reciplease-oc.app/Reciplease-oc";
			};
			name = Debug;
		};
		6E6C78D32842D72F0050C53A /* Release */ = {
			isa = XCBuildConfiguration;
			baseConfigurationReference = 2F8D00CF57767516C2189F8D /* Pods-Reciplease-ocTests.release.xcconfig */;
			buildSettings = {
				ALWAYS_EMBED_SWIFT_STANDARD_LIBRARIES = YES;
				BUNDLE_LOADER = "$(TEST_HOST)";
				CODE_SIGN_STYLE = Automatic;
				CURRENT_PROJECT_VERSION = 1;
				GENERATE_INFOPLIST_FILE = YES;
				IPHONEOS_DEPLOYMENT_TARGET = 15.0;
				LD_RUNPATH_SEARCH_PATHS = (
					"$(inherited)",
					"@executable_path/Frameworks",
					"@loader_path/Frameworks",
				);
				MARKETING_VERSION = 1.0;
				PRODUCT_BUNDLE_IDENTIFIER = "com.honoreadeline.Reciplease-ocTests";
				PRODUCT_NAME = "$(TARGET_NAME)";
				SWIFT_EMIT_LOC_STRINGS = NO;
				SWIFT_VERSION = 5.0;
				TARGETED_DEVICE_FAMILY = "1,2";
				TEST_HOST = "$(BUILT_PRODUCTS_DIR)/Reciplease-oc.app/Reciplease-oc";
			};
			name = Release;
		};
		6E6C78D52842D72F0050C53A /* Debug */ = {
			isa = XCBuildConfiguration;
			baseConfigurationReference = BB5B5C24EDF1F0281918B838 /* Pods-Reciplease-oc-Reciplease-ocUITests.debug.xcconfig */;
			buildSettings = {
				ALWAYS_EMBED_SWIFT_STANDARD_LIBRARIES = YES;
				CODE_SIGN_STYLE = Automatic;
				CURRENT_PROJECT_VERSION = 1;
				GENERATE_INFOPLIST_FILE = YES;
				LD_RUNPATH_SEARCH_PATHS = (
					"$(inherited)",
					"@executable_path/Frameworks",
					"@loader_path/Frameworks",
				);
				MARKETING_VERSION = 1.0;
				PRODUCT_BUNDLE_IDENTIFIER = "com.honoreadeline.Reciplease-ocUITests";
				PRODUCT_NAME = "$(TARGET_NAME)";
				SWIFT_EMIT_LOC_STRINGS = NO;
				SWIFT_VERSION = 5.0;
				TARGETED_DEVICE_FAMILY = "1,2";
				TEST_TARGET_NAME = "Reciplease-oc";
			};
			name = Debug;
		};
		6E6C78D62842D72F0050C53A /* Release */ = {
			isa = XCBuildConfiguration;
			baseConfigurationReference = BA776294B2A582CA5F24B93F /* Pods-Reciplease-oc-Reciplease-ocUITests.release.xcconfig */;
			buildSettings = {
				ALWAYS_EMBED_SWIFT_STANDARD_LIBRARIES = YES;
				CODE_SIGN_STYLE = Automatic;
				CURRENT_PROJECT_VERSION = 1;
				GENERATE_INFOPLIST_FILE = YES;
				LD_RUNPATH_SEARCH_PATHS = (
					"$(inherited)",
					"@executable_path/Frameworks",
					"@loader_path/Frameworks",
				);
				MARKETING_VERSION = 1.0;
				PRODUCT_BUNDLE_IDENTIFIER = "com.honoreadeline.Reciplease-ocUITests";
				PRODUCT_NAME = "$(TARGET_NAME)";
				SWIFT_EMIT_LOC_STRINGS = NO;
				SWIFT_VERSION = 5.0;
				TARGETED_DEVICE_FAMILY = "1,2";
				TEST_TARGET_NAME = "Reciplease-oc";
			};
			name = Release;
		};
/* End XCBuildConfiguration section */

/* Begin XCConfigurationList section */
		6E6C789C2842D7240050C53A /* Build configuration list for PBXProject "Reciplease-oc" */ = {
			isa = XCConfigurationList;
			buildConfigurations = (
				6E6C78CC2842D72F0050C53A /* Debug */,
				6E6C78CD2842D72F0050C53A /* Release */,
			);
			defaultConfigurationIsVisible = 0;
			defaultConfigurationName = Release;
		};
		6E6C78CE2842D72F0050C53A /* Build configuration list for PBXNativeTarget "Reciplease-oc" */ = {
			isa = XCConfigurationList;
			buildConfigurations = (
				6E6C78CF2842D72F0050C53A /* Debug */,
				6E6C78D02842D72F0050C53A /* Release */,
			);
			defaultConfigurationIsVisible = 0;
			defaultConfigurationName = Release;
		};
		6E6C78D12842D72F0050C53A /* Build configuration list for PBXNativeTarget "Reciplease-ocTests" */ = {
			isa = XCConfigurationList;
			buildConfigurations = (
				6E6C78D22842D72F0050C53A /* Debug */,
				6E6C78D32842D72F0050C53A /* Release */,
			);
			defaultConfigurationIsVisible = 0;
			defaultConfigurationName = Release;
		};
		6E6C78D42842D72F0050C53A /* Build configuration list for PBXNativeTarget "Reciplease-ocUITests" */ = {
			isa = XCConfigurationList;
			buildConfigurations = (
				6E6C78D52842D72F0050C53A /* Debug */,
				6E6C78D62842D72F0050C53A /* Release */,
			);
			defaultConfigurationIsVisible = 0;
			defaultConfigurationName = Release;
		};
/* End XCConfigurationList section */

/* Begin XCRemoteSwiftPackageReference section */
		6E6C78DE2842E0590050C53A /* XCRemoteSwiftPackageReference "Alamofire" */ = {
			isa = XCRemoteSwiftPackageReference;
			repositoryURL = "https://github.com/Alamofire/Alamofire";
			requirement = {
				branch = master;
				kind = branch;
			};
		};
/* End XCRemoteSwiftPackageReference section */

/* Begin XCSwiftPackageProductDependency section */
		6E6C78DF2842E0590050C53A /* Alamofire */ = {
			isa = XCSwiftPackageProductDependency;
			package = 6E6C78DE2842E0590050C53A /* XCRemoteSwiftPackageReference "Alamofire" */;
			productName = Alamofire;
		};
/* End XCSwiftPackageProductDependency section */

/* Begin XCVersionGroup section */
		6E6C78AD2842D7240050C53A /* Reciplease-oc.xcdatamodeld */ = {
			isa = XCVersionGroup;
			children = (
				6E6C78AE2842D7240050C53A /* Reciplease_oc.xcdatamodel */,
			);
			currentVersion = 6E6C78AE2842D7240050C53A /* Reciplease_oc.xcdatamodel */;
			path = "Reciplease-oc.xcdatamodeld";
			sourceTree = "<group>";
			versionGroupType = wrapper.xcdatamodel;
		};
/* End XCVersionGroup section */
	};
	rootObject = 6E6C78992842D7240050C53A /* Project object */;
}
